
Microsoft Visual Studio Solution File, Format Version 10.00
# Visual Studio Codename Orcas
Project("{FAE04EC0-301F-11D3-BF4B-00C04F79EFBC}") = "LinqToXsdDemo", "LinqToXsdDemo.csproj", "{F23D2843-F880-48D1-A3F5-6D47EB1293FE}"
EndProject
Project("{FAE04EC0-301F-11D3-BF4B-00C04F79EFBC}") = "BusinessObjects", "BusinessObjects\BusinessObjects.csproj", "{2F5F7D27-A8AD-4748-8204-97A35A06C4AB}"
EndProject
Project("{FAE04EC0-301F-11D3-BF4B-00C04F79EFBC}") = "DataContract", "DataContract\DataContract.csproj", "{A19E8225-8E8A-4DF9-A8C5-3EF399F1A7AF}"
EndProject
Project("{F184B08F-C81C-45F6-A57F-5ABD9991F28F}") = "XmlIntegration", "XmlIntegration\XmlIntegration.vbproj", "{83F29D70-0102-48D2-8854-189DD07BACE3}"
EndProject
Global
	GlobalSection(SolutionConfigurationPlatforms) = preSolution
		Debug|Any CPU = Debug|Any CPU
		Release|Any CPU = Release|Any CPU
	EndGlobalSection
	GlobalSection(ProjectConfigurationPlatforms) = postSolution
		{F23D2843-F880-48D1-A3F5-6D47EB1293FE}.Debug|Any CPU.ActiveCfg = Debug|Any CPU
		{F23D2843-F880-48D1-A3F5-6D47EB1293FE}.Debug|Any CPU.Build.0 = Debug|Any CPU
		{F23D2843-F880-48D1-A3F5-6D47EB1293FE}.Release|Any CPU.ActiveCfg = Release|Any CPU
		{F23D2843-F880-48D1-A3F5-6D47EB1293FE}.Release|Any CPU.Build.0 = Release|Any CPU
		{2F5F7D27-A8AD-4748-8204-97A35A06C4AB}.Debug|Any CPU.ActiveCfg = Debug|Any CPU
		{2F5F7D27-A8AD-4748-8204-97A35A06C4AB}.Debug|Any CPU.Build.0 = Debug|Any CPU
		{2F5F7D27-A8AD-4748-8204-97A35A06C4AB}.Release|Any CPU.ActiveCfg = Release|Any CPU
		{2F5F7D27-A8AD-4748-8204-97A35A06C4AB}.Release|Any CPU.Build.0 = Release|Any CPU
		{A19E8225-8E8A-4DF9-A8C5-3EF399F1A7AF}.Debug|Any CPU.ActiveCfg = Debug|Any CPU
		{A19E8225-8E8A-4DF9-A8C5-3EF399F1A7AF}.Debug|Any CPU.Build.0 = Debug|Any CPU
		{A19E8225-8E8A-4DF9-A8C5-3EF399F1A7AF}.Release|Any CPU.ActiveCfg = Release|Any CPU
		{A19E8225-8E8A-4DF9-A8C5-3EF399F1A7AF}.Release|Any CPU.Build.0 = Release|Any CPU
		{83F29D70-0102-48D2-8854-189DD07BACE3}.Debug|Any CPU.ActiveCfg = Debug|Any CPU
		{83F29D70-0102-48D2-8854-189DD07BACE3}.Debug|Any CPU.Build.0 = Debug|Any CPU
		{83F29D70-0102-48D2-8854-189DD07BACE3}.Release|Any CPU.ActiveCfg = Release|Any CPU
		{83F29D70-0102-48D2-8854-189DD07BACE3}.Release|Any CPU.Build.0 = Release|Any CPU
	EndGlobalSection
	GlobalSection(SolutionProperties) = preSolution
		HideSolutionNode = FALSE
	EndGlobalSection
EndGlobal
